
Microsoft Visual Studio Solution File, Format Version 12.00
# Visual Studio Version 17
VisualStudioVersion = 17.14.36414.22 d17.14
MinimumVisualStudioVersion = 10.0.40219.1
Project("{FAE04EC0-301F-11D3-BF4B-00C04F79EFBC}") = "HospitalOPD.Api", "HospitalOPD.Api.csproj", "{DC91EE98-D6FC-D7B2-27A1-0F1222254E0D}"
EndProject
Global
	GlobalSection(SolutionConfigurationPlatforms) = preSolution
		Debug|Any CPU = Debug|Any CPU
		Release|Any CPU = Release|Any CPU
	EndGlobalSection
	GlobalSection(ProjectConfigurationPlatforms) = postSolution
		{DC91EE98-D6FC-D7B2-27A1-0F1222254E0D}.Debug|Any CPU.ActiveCfg = Debug|Any CPU
		{DC91EE98-D6FC-D7B2-27A1-0F1222254E0D}.Debug|Any CPU.Build.0 = Debug|Any CPU
		{DC91EE98-D6FC-D7B2-27A1-0F1222254E0D}.Release|Any CPU.ActiveCfg = Release|Any CPU
		{DC91EE98-D6FC-D7B2-27A1-0F1222254E0D}.Release|Any CPU.Build.0 = Release|Any CPU
	EndGlobalSection
	GlobalSection(SolutionProperties) = preSolution
		HideSolutionNode = FALSE
	EndGlobalSection
	GlobalSection(ExtensibilityGlobals) = postSolution
		SolutionGuid = {063AA95F-15D0-4DE9-8956-A578ADAD8399}
	EndGlobalSection
EndGlobal
